
Microsoft Visual Studio Solution File, Format Version 12.00
# Visual Studio Version 17
VisualStudioVersion = 17.0.31903.59
MinimumVisualStudioVersion = 10.0.40219.1
Project("{FAE04EC0-301F-11D3-BF4B-00C04F79EFBC}") = "Parkering2.0", "Parkering2.0\Parkering2.0.csproj", "{3296AACE-EA15-46E2-B1B6-0EA22B6B61E5}"
EndProject
Global
	GlobalSection(SolutionConfigurationPlatforms) = preSolution
		Debug|Any CPU = Debug|Any CPU
		Release|Any CPU = Release|Any CPU
	EndGlobalSection
	GlobalSection(ProjectConfigurationPlatforms) = postSolution
		{3296AACE-EA15-46E2-B1B6-0EA22B6B61E5}.Debug|Any CPU.ActiveCfg = Debug|Any CPU
		{3296AACE-EA15-46E2-B1B6-0EA22B6B61E5}.Debug|Any CPU.Build.0 = Debug|Any CPU
		{3296AACE-EA15-46E2-B1B6-0EA22B6B61E5}.Release|Any CPU.ActiveCfg = Release|Any CPU
		{3296AACE-EA15-46E2-B1B6-0EA22B6B61E5}.Release|Any CPU.Build.0 = Release|Any CPU
	EndGlobalSection
	GlobalSection(SolutionProperties) = preSolution
		HideSolutionNode = FALSE
	EndGlobalSection
	GlobalSection(ExtensibilityGlobals) = postSolution
		SolutionGuid = {EF4A7E3D-84B8-40BA-A436-CEA773446782}
	EndGlobalSection
EndGlobal
